
Microsoft Visual Studio Solution File, Format Version 12.00
# Visual Studio Version 16
VisualStudioVersion = 16.0.30907.101
MinimumVisualStudioVersion = 10.0.40219.1
Project("{FAE04EC0-301F-11D3-BF4B-00C04F79EFBC}") = "LockerTest", "LockerTest\LockerTest.csproj", "{996BE43C-4D17-4D62-A9D5-C6461A9FCEA4}"
EndProject
Global
	GlobalSection(SolutionConfigurationPlatforms) = preSolution
		Debug|Any CPU = Debug|Any CPU
		Release|Any CPU = Release|Any CPU
	EndGlobalSection
	GlobalSection(ProjectConfigurationPlatforms) = postSolution
		{996BE43C-4D17-4D62-A9D5-C6461A9FCEA4}.Debug|Any CPU.ActiveCfg = Debug|Any CPU
		{996BE43C-4D17-4D62-A9D5-C6461A9FCEA4}.Debug|Any CPU.Build.0 = Debug|Any CPU
		{996BE43C-4D17-4D62-A9D5-C6461A9FCEA4}.Release|Any CPU.ActiveCfg = Release|Any CPU
		{996BE43C-4D17-4D62-A9D5-C6461A9FCEA4}.Release|Any CPU.Build.0 = Release|Any CPU
	EndGlobalSection
	GlobalSection(SolutionProperties) = preSolution
		HideSolutionNode = FALSE
	EndGlobalSection
	GlobalSection(ExtensibilityGlobals) = postSolution
		SolutionGuid = {0F10BC09-48CC-4A55-81B5-A5FDE90E726E}
	EndGlobalSection
EndGlobal
